
Microsoft Visual Studio Solution File, Format Version 12.00
# Visual Studio 15
VisualStudioVersion = 15.0.28010.2003
MinimumVisualStudioVersion = 10.0.40219.1
Project("{FAE04EC0-301F-11D3-BF4B-00C04F79EFBC}") = "WebAppsOppgave1", "WebAppsOppgave1\WebAppsOppgave1.csproj", "{B18641E5-2D61-4F8F-B633-5AD74E3020FF}"
EndProject
Global
	GlobalSection(SolutionConfigurationPlatforms) = preSolution
		Debug|Any CPU = Debug|Any CPU
		Release|Any CPU = Release|Any CPU
	EndGlobalSection
	GlobalSection(ProjectConfigurationPlatforms) = postSolution
		{B18641E5-2D61-4F8F-B633-5AD74E3020FF}.Debug|Any CPU.ActiveCfg = Debug|Any CPU
		{B18641E5-2D61-4F8F-B633-5AD74E3020FF}.Debug|Any CPU.Build.0 = Debug|Any CPU
		{B18641E5-2D61-4F8F-B633-5AD74E3020FF}.Release|Any CPU.ActiveCfg = Release|Any CPU
		{B18641E5-2D61-4F8F-B633-5AD74E3020FF}.Release|Any CPU.Build.0 = Release|Any CPU
	EndGlobalSection
	GlobalSection(SolutionProperties) = preSolution
		HideSolutionNode = FALSE
	EndGlobalSection
	GlobalSection(ExtensibilityGlobals) = postSolution
		SolutionGuid = {4C7D2848-1093-4244-9043-4E69EF5361D2}
	EndGlobalSection
EndGlobal
